// !$*UTF8*$!
{
	archiveVersion = 1;
	classes = {
	};
	objectVersion = 50;
	objects = {

/* Begin PBXBuildFile section */
		75B6F49DB25BA6DCE5E46B8B /* Pods_CTDatePickerExample.framework in Frameworks */ = {isa = PBXBuildFile; fileRef = ACC654FE868A149C53B47008 /* Pods_CTDatePickerExample.framework */; };
		CD32C11F216B918300BEE522 /* AppDelegate.swift in Sources */ = {isa = PBXBuildFile; fileRef = CD32C11E216B918300BEE522 /* AppDelegate.swift */; };
		CD32C121216B918300BEE522 /* ViewController.swift in Sources */ = {isa = PBXBuildFile; fileRef = CD32C120216B918300BEE522 /* ViewController.swift */; };
		CD32C124216B918300BEE522 /* Main.storyboard in Resources */ = {isa = PBXBuildFile; fileRef = CD32C122216B918300BEE522 /* Main.storyboard */; };
		CD32C126216B918500BEE522 /* Assets.xcassets in Resources */ = {isa = PBXBuildFile; fileRef = CD32C125216B918500BEE522 /* Assets.xcassets */; };
		CD32C129216B918500BEE522 /* LaunchScreen.storyboard in Resources */ = {isa = PBXBuildFile; fileRef = CD32C127216B918500BEE522 /* LaunchScreen.storyboard */; };
/* End PBXBuildFile section */

/* Begin PBXCopyFilesBuildPhase section */
		CD32C133216B91EB00BEE522 /* Embed Frameworks */ = {
			isa = PBXCopyFilesBuildPhase;
			buildActionMask = 2147483647;
			dstPath = "";
			dstSubfolderSpec = 10;
			files = (
			);
			name = "Embed Frameworks";
			runOnlyForDeploymentPostprocessing = 0;
		};
/* End PBXCopyFilesBuildPhase section */

/* Begin PBXFileReference section */
		37016B7EF76C53CD9FCEED74 /* Pods-CTDatePickerExample.debug.xcconfig */ = {isa = PBXFileReference; includeInIndex = 1; lastKnownFileType = text.xcconfig; name = "Pods-CTDatePickerExample.debug.xcconfig"; path = "Pods/Target Support Files/Pods-CTDatePickerExample/Pods-CTDatePickerExample.debug.xcconfig"; sourceTree = "<group>"; };
		ACC654FE868A149C53B47008 /* Pods_CTDatePickerExample.framework */ = {isa = PBXFileReference; explicitFileType = wrapper.framework; includeInIndex = 0; path = Pods_CTDatePickerExample.framework; sourceTree = BUILT_PRODUCTS_DIR; };
		CD32C11B216B918300BEE522 /* CTDatePickerExample.app */ = {isa = PBXFileReference; explicitFileType = wrapper.application; includeInIndex = 0; path = CTDatePickerExample.app; sourceTree = BUILT_PRODUCTS_DIR; };
		CD32C11E216B918300BEE522 /* AppDelegate.swift */ = {isa = PBXFileReference; lastKnownFileType = sourcecode.swift; path = AppDelegate.swift; sourceTree = "<group>"; };
		CD32C120216B918300BEE522 /* ViewController.swift */ = {isa = PBXFileReference; lastKnownFileType = sourcecode.swift; path = ViewController.swift; sourceTree = "<group>"; };
		CD32C123216B918300BEE522 /* Base */ = {isa = PBXFileReference; lastKnownFileType = file.storyboard; name = Base; path = Base.lproj/Main.storyboard; sourceTree = "<group>"; };
		CD32C125216B918500BEE522 /* Assets.xcassets */ = {isa = PBXFileReference; lastKnownFileType = folder.assetcatalog; path = Assets.xcassets; sourceTree = "<group>"; };
		CD32C128216B918500BEE522 /* Base */ = {isa = PBXFileReference; lastKnownFileType = file.storyboard; name = Base; path = Base.lproj/LaunchScreen.storyboard; sourceTree = "<group>"; };
		CD32C12A216B918500BEE522 /* Info.plist */ = {isa = PBXFileReference; lastKnownFileType = text.plist.xml; path = Info.plist; sourceTree = "<group>"; };
		DAB641196F1AEBD3B502944A /* Pods-CTDatePickerExample.release.xcconfig */ = {isa = PBXFileReference; includeInIndex = 1; lastKnownFileType = text.xcconfig; name = "Pods-CTDatePickerExample.release.xcconfig"; path = "Pods/Target Support Files/Pods-CTDatePickerExample/Pods-CTDatePickerExample.release.xcconfig"; sourceTree = "<group>"; };
/* End PBXFileReference section */

/* Begin PBXFrameworksBuildPhase section */
		CD32C118216B918300BEE522 /* Frameworks */ = {
			isa = PBXFrameworksBuildPhase;
			buildActionMask = 2147483647;
			files = (
				75B6F49DB25BA6DCE5E46B8B /* Pods_CTDatePickerExample.framework in Frameworks */,
			);
			runOnlyForDeploymentPostprocessing = 0;
		};
/* End PBXFrameworksBuildPhase section */

/* Begin PBXGroup section */
		12B9AB7F66348582293D3077 /* Pods */ = {
			isa = PBXGroup;
			children = (
				37016B7EF76C53CD9FCEED74 /* Pods-CTDatePickerExample.debug.xcconfig */,
				DAB641196F1AEBD3B502944A /* Pods-CTDatePickerExample.release.xcconfig */,
			);
			name = Pods;
			sourceTree = "<group>";
		};
		CD32C112216B918300BEE522 = {
			isa = PBXGroup;
			children = (
				CD32C11D216B918300BEE522 /* CTDatePickerExample */,
				CD32C11C216B918300BEE522 /* Products */,
				12B9AB7F66348582293D3077 /* Pods */,
				E85A907B83C4235980D7A472 /* Frameworks */,
			);
			sourceTree = "<group>";
		};
		CD32C11C216B918300BEE522 /* Products */ = {
			isa = PBXGroup;
			children = (
				CD32C11B216B918300BEE522 /* CTDatePickerExample.app */,
			);
			name = Products;
			sourceTree = "<group>";
		};
		CD32C11D216B918300BEE522 /* CTDatePickerExample */ = {
			isa = PBXGroup;
			children = (
				CD32C11E216B918300BEE522 /* AppDelegate.swift */,
				CD32C120216B918300BEE522 /* ViewController.swift */,
				CD32C122216B918300BEE522 /* Main.storyboard */,
				CD32C125216B918500BEE522 /* Assets.xcassets */,
				CD32C127216B918500BEE522 /* LaunchScreen.storyboard */,
				CD32C12A216B918500BEE522 /* Info.plist */,
			);
			path = CTDatePickerExample;
			sourceTree = "<group>";
		};
		E85A907B83C4235980D7A472 /* Frameworks */ = {
			isa = PBXGroup;
			children = (
				ACC654FE868A149C53B47008 /* Pods_CTDatePickerExample.framework */,
			);
			name = Frameworks;
			sourceTree = "<group>";
		};
/* End PBXGroup section */

/* Begin PBXNativeTarget section */
		CD32C11A216B918300BEE522 /* CTDatePickerExample */ = {
			isa = PBXNativeTarget;
			buildConfigurationList = CD32C12D216B918500BEE522 /* Build configuration list for PBXNativeTarget "CTDatePickerExample" */;
			buildPhases = (
				65522C4B363CB3B48006DAC4 /* [CP] Check Pods Manifest.lock */,
				CD32C117216B918300BEE522 /* Sources */,
				CD32C118216B918300BEE522 /* Frameworks */,
				CD32C119216B918300BEE522 /* Resources */,
				CD32C133216B91EB00BEE522 /* Embed Frameworks */,
				FC9F58037E27915D24B4F084 /* [CP] Embed Pods Frameworks */,
			);
			buildRules = (
			);
			dependencies = (
			);
			name = CTDatePickerExample;
			productName = CTDatePickerExample;
			productReference = CD32C11B216B918300BEE522 /* CTDatePickerExample.app */;
			productType = "com.apple.product-type.application";
		};
/* End PBXNativeTarget section */

/* Begin PBXProject section */
		CD32C113216B918300BEE522 /* Project object */ = {
			isa = PBXProject;
			attributes = {
				LastSwiftUpdateCheck = 1000;
				LastUpgradeCheck = 1000;
				ORGANIZATIONNAME = "Mario Kovacevic";
				TargetAttributes = {
					CD32C11A216B918300BEE522 = {
						CreatedOnToolsVersion = 10.0;
					};
				};
			};
			buildConfigurationList = CD32C116216B918300BEE522 /* Build configuration list for PBXProject "CTDatePickerExample" */;
			compatibilityVersion = "Xcode 9.3";
			developmentRegion = en;
			hasScannedForEncodings = 0;
			knownRegions = (
				en,
				Base,
			);
			mainGroup = CD32C112216B918300BEE522;
			productRefGroup = CD32C11C216B918300BEE522 /* Products */;
			projectDirPath = "";
			projectRoot = "";
			targets = (
				CD32C11A216B918300BEE522 /* CTDatePickerExample */,
			);
		};
/* End PBXProject section */

/* Begin PBXResourcesBuildPhase section */
		CD32C119216B918300BEE522 /* Resources */ = {
			isa = PBXResourcesBuildPhase;
			buildActionMask = 2147483647;
			files = (
				CD32C129216B918500BEE522 /* LaunchScreen.storyboard in Resources */,
				CD32C126216B918500BEE522 /* Assets.xcassets in Resources */,
				CD32C124216B918300BEE522 /* Main.storyboard in Resources */,
			);
			runOnlyForDeploymentPostprocessing = 0;
		};
/* End PBXResourcesBuildPhase section */

/* Begin PBXShellScriptBuildPhase section */
		65522C4B363CB3B48006DAC4 /* [CP] Check Pods Manifest.lock */ = {
			isa = PBXShellScriptBuildPhase;
			buildActionMask = 2147483647;
			files = (
			);
			inputPaths = (
				"${PODS_PODFILE_DIR_PATH}/Podfile.lock",
				"${PODS_ROOT}/Manifest.lock",
			);
			name = "[CP] Check Pods Manifest.lock";
			outputPaths = (
				"$(DERIVED_FILE_DIR)/Pods-CTDatePickerExample-checkManifestLockResult.txt",
			);
			runOnlyForDeploymentPostprocessing = 0;
			shellPath = /bin/sh;
			shellScript = "diff \"${PODS_PODFILE_DIR_PATH}/Podfile.lock\" \"${PODS_ROOT}/Manifest.lock\" > /dev/null\nif [ $? != 0 ] ; then\n    # print error to STDERR\n    echo \"error: The sandbox is not in sync with the Podfile.lock. Run 'pod install' or update your CocoaPods installation.\" >&2\n    exit 1\nfi\n# This output is used by Xcode 'outputs' to avoid re-running this script phase.\necho \"SUCCESS\" > \"${SCRIPT_OUTPUT_FILE_0}\"\n";
			showEnvVarsInLog = 0;
		};
		FC9F58037E27915D24B4F084 /* [CP] Embed Pods Frameworks */ = {
			isa = PBXShellScriptBuildPhase;
			buildActionMask = 2147483647;
			files = (
			);
			inputPaths = (
				"${SRCROOT}/Pods/Target Support Files/Pods-CTDatePickerExample/Pods-CTDatePickerExample-frameworks.sh",
				"${PODS_ROOT}/CTDatePicker/Framework/CTDatePicker.framework",
			);
			name = "[CP] Embed Pods Frameworks";
			outputPaths = (
				"${TARGET_BUILD_DIR}/${FRAMEWORKS_FOLDER_PATH}/CTDatePicker.framework",
			);
			runOnlyForDeploymentPostprocessing = 0;
			shellPath = /bin/sh;
			shellScript = "\"${SRCROOT}/Pods/Target Support Files/Pods-CTDatePickerExample/Pods-CTDatePickerExample-frameworks.sh\"\n";
			showEnvVarsInLog = 0;
		};
/* End PBXShellScriptBuildPhase section */

/* Begin PBXSourcesBuildPhase section */
		CD32C117216B918300BEE522 /* Sources */ = {
			isa = PBXSourcesBuildPhase;
			buildActionMask = 2147483647;
			files = (
				CD32C121216B918300BEE522 /* ViewController.swift in Sources */,
				CD32C11F216B918300BEE522 /* AppDelegate.swift in Sources */,
			);
			runOnlyForDeploymentPostprocessing = 0;
		};
/* End PBXSourcesBuildPhase section */

/* Begin PBXVariantGroup section */
		CD32C122216B918300BEE522 /* Main.storyboard */ = {
			isa = PBXVariantGroup;
			children = (
				CD32C123216B918300BEE522 /* Base */,
			);
			name = Main.storyboard;
			sourceTree = "<group>";
		};
		CD32C127216B918500BEE522 /* LaunchScreen.storyboard */ = {
			isa = PBXVariantGroup;
			children = (
				CD32C128216B918500BEE522 /* Base */,
			);
			name = LaunchScreen.storyboard;
			sourceTree = "<group>";
		};
/* End PBXVariantGroup section */

/* Begin XCBuildConfiguration section */
		CD32C12B216B918500BEE522 /* Debug */ = {
			isa = XCBuildConfiguration;
			buildSettings = {
				ALWAYS_SEARCH_USER_PATHS = NO;
				CLANG_ANALYZER_NONNULL = YES;
				CLANG_ANALYZER_NUMBER_OBJECT_CONVERSION = YES_AGGRESSIVE;
				CLANG_CXX_LANGUAGE_STANDARD = "gnu++14";
				CLANG_CXX_LIBRARY = "libc++";
				CLANG_ENABLE_MODULES = YES;
				CLANG_ENABLE_OBJC_ARC = YES;
				CLANG_ENABLE_OBJC_WEAK = YES;
				CLANG_WARN_BLOCK_CAPTURE_AUTORELEASING = YES;
				CLANG_WARN_BOOL_CONVERSION = YES;
				CLANG_WARN_COMMA = YES;
				CLANG_WARN_CONSTANT_CONVERSION = YES;
				CLANG_WARN_DEPRECATED_OBJC_IMPLEMENTATIONS = YES;
				CLANG_WARN_DIRECT_OBJC_ISA_USAGE = YES_ERROR;
				CLANG_WARN_DOCUMENTATION_COMMENTS = YES;
				CLANG_WARN_EMPTY_BODY = YES;
				CLANG_WARN_ENUM_CONVERSION = YES;
				CLANG_WARN_INFINITE_RECURSION = YES;
				CLANG_WARN_INT_CONVERSION = YES;
				CLANG_WARN_NON_LITERAL_NULL_CONVERSION = YES;
				CLANG_WARN_OBJC_IMPLICIT_RETAIN_SELF = YES;
				CLANG_WARN_OBJC_LITERAL_CONVERSION = YES;
				CLANG_WARN_OBJC_ROOT_CLASS = YES_ERROR;
				CLANG_WARN_RANGE_LOOP_ANALYSIS = YES;
				CLANG_WARN_STRICT_PROTOTYPES = YES;
				CLANG_WARN_SUSPICIOUS_MOVE = YES;
				CLANG_WARN_UNGUARDED_AVAILABILITY = YES_AGGRESSIVE;
				CLANG_WARN_UNREACHABLE_CODE = YES;
				CLANG_WARN__DUPLICATE_METHOD_MATCH = YES;
				CODE_SIGN_IDENTITY = "iPhone Developer";
				COPY_PHASE_STRIP = NO;
				DEBUG_INFORMATION_FORMAT = dwarf;
				ENABLE_STRICT_OBJC_MSGSEND = YES;
				ENABLE_TESTABILITY = YES;
				GCC_C_LANGUAGE_STANDARD = gnu11;
				GCC_DYNAMIC_NO_PIC = NO;
				GCC_NO_COMMON_BLOCKS = YES;
				GCC_OPTIMIZATION_LEVEL = 0;
				GCC_PREPROCESSOR_DEFINITIONS = (
					"DEBUG=1",
					"$(inherited)",
				);
				GCC_WARN_64_TO_32_BIT_CONVERSION = YES;
				GCC_WARN_ABOUT_RETURN_TYPE = YES_ERROR;
				GCC_WARN_UNDECLARED_SELECTOR = YES;
				GCC_WARN_UNINITIALIZED_AUTOS = YES_AGGRESSIVE;
				GCC_WARN_UNUSED_FUNCTION = YES;
				GCC_WARN_UNUSED_VARIABLE = YES;
				IPHONEOS_DEPLOYMENT_TARGET = 12.0;
				MTL_ENABLE_DEBUG_INFO = INCLUDE_SOURCE;
				MTL_FAST_MATH = YES;
				ONLY_ACTIVE_ARCH = YES;
				SDKROOT = iphoneos;
				SWIFT_ACTIVE_COMPILATION_CONDITIONS = DEBUG;
				SWIFT_OPTIMIZATION_LEVEL = "-Onone";
			};
			name = Debug;
		};
		CD32C12C216B918500BEE522 /* Release */ = {
			isa = XCBuildConfiguration;
			buildSettings = {
				ALWAYS_SEARCH_USER_PATHS = NO;
				CLANG_ANALYZER_NONNULL = YES;
				CLANG_ANALYZER_NUMBER_OBJECT_CONVERSION = YES_AGGRESSIVE;
				CLANG_CXX_LANGUAGE_STANDARD = "gnu++14";
				CLANG_CXX_LIBRARY = "libc++";
				CLANG_ENABLE_MODULES = YES;
				CLANG_ENABLE_OBJC_ARC = YES;
				CLANG_ENABLE_OBJC_WEAK = YES;
				CLANG_WARN_BLOCK_CAPTURE_AUTORELEASING = YES;
				CLANG_WARN_BOOL_CONVERSION = YES;
				CLANG_WARN_COMMA = YES;
				CLANG_WARN_CONSTANT_CONVERSION = YES;
				CLANG_WARN_DEPRECATED_OBJC_IMPLEMENTATIONS = YES;
				CLANG_WARN_DIRECT_OBJC_ISA_USAGE = YES_ERROR;
				CLANG_WARN_DOCUMENTATION_COMMENTS = YES;
				CLANG_WARN_EMPTY_BODY = YES;
				CLANG_WARN_ENUM_CONVERSION = YES;
				CLANG_WARN_INFINITE_RECURSION = YES;
				CLANG_WARN_INT_CONVERSION = YES;
				CLANG_WARN_NON_LITERAL_NULL_CONVERSION = YES;
				CLANG_WARN_OBJC_IMPLICIT_RETAIN_SELF = YES;
				CLANG_WARN_OBJC_LITERAL_CONVERSION = YES;
				CLANG_WARN_OBJC_ROOT_CLASS = YES_ERROR;
				CLANG_WARN_RANGE_LOOP_ANALYSIS = YES;
				CLANG_WARN_STRICT_PROTOTYPES = YES;
				CLANG_WARN_SUSPICIOUS_MOVE = YES;
				CLANG_WARN_UNGUARDED_AVAILABILITY = YES_AGGRESSIVE;
				CLANG_WARN_UNREACHABLE_CODE = YES;
				CLANG_WARN__DUPLICATE_METHOD_MATCH = YES;
				CODE_SIGN_IDENTITY = "iPhone Developer";
				COPY_PHASE_STRIP = NO;
				DEBUG_INFORMATION_FORMAT = "dwarf-with-dsym";
				ENABLE_NS_ASSERTIONS = NO;
				ENABLE_STRICT_OBJC_MSGSEND = YES;
				GCC_C_LANGUAGE_STANDARD = gnu11;
				GCC_NO_COMMON_BLOCKS = YES;
				GCC_WARN_64_TO_32_BIT_CONVERSION = YES;
				GCC_WARN_ABOUT_RETURN_TYPE = YES_ERROR;
				GCC_WARN_UNDECLARED_SELECTOR = YES;
				GCC_WARN_UNINITIALIZED_AUTOS = YES_AGGRESSIVE;
				GCC_WARN_UNUSED_FUNCTION = YES;
				GCC_WARN_UNUSED_VARIABLE = YES;
				IPHONEOS_DEPLOYMENT_TARGET = 12.0;
				MTL_ENABLE_DEBUG_INFO = NO;
				MTL_FAST_MATH = YES;
				SDKROOT = iphoneos;
				SWIFT_COMPILATION_MODE = wholemodule;
				SWIFT_OPTIMIZATION_LEVEL = "-O";
				VALIDATE_PRODUCT = YES;
			};
			name = Release;
		};
		CD32C12E216B918500BEE522 /* Debug */ = {
			isa = XCBuildConfiguration;
			baseConfigurationReference = 37016B7EF76C53CD9FCEED74 /* Pods-CTDatePickerExample.debug.xcconfig */;
			buildSettings = {
				ASSETCATALOG_COMPILER_APPICON_NAME = AppIcon;
				CODE_SIGN_STYLE = Automatic;
				DEVELOPMENT_TEAM = DX6K4GTLDS;
				FRAMEWORK_SEARCH_PATHS = (
					"$(inherited)",
					"$(PROJECT_DIR)",
				);
				INFOPLIST_FILE = CTDatePickerExample/Info.plist;
				LD_RUNPATH_SEARCH_PATHS = "$(inherited) @executable_path/Frameworks";
				PRODUCT_BUNDLE_IDENTIFIER = com.mariokovacevic.CTDatePickerExample;
				PRODUCT_NAME = "$(TARGET_NAME)";
				SWIFT_VERSION = 4.2;
				TARGETED_DEVICE_FAMILY = "1,2";
			};
			name = Debug;
		};
		CD32C12F216B918500BEE522 /* Release */ = {
			isa = XCBuildConfiguration;
			baseConfigurationReference = DAB641196F1AEBD3B502944A /* Pods-CTDatePickerExample.release.xcconfig */;
			buildSettings = {
				ASSETCATALOG_COMPILER_APPICON_NAME = AppIcon;
				CODE_SIGN_STYLE = Automatic;
				DEVELOPMENT_TEAM = DX6K4GTLDS;
				FRAMEWORK_SEARCH_PATHS = (
					"$(inherited)",
					"$(PROJECT_DIR)",
				);
				INFOPLIST_FILE = CTDatePickerExample/Info.plist;
				LD_RUNPATH_SEARCH_PATHS = "$(inherited) @executable_path/Frameworks";
				PRODUCT_BUNDLE_IDENTIFIER = com.mariokovacevic.CTDatePickerExample;
				PRODUCT_NAME = "$(TARGET_NAME)";
				SWIFT_VERSION = 4.2;
				TARGETED_DEVICE_FAMILY = "1,2";
			};
			name = Release;
		};
/* End XCBuildConfiguration section */

/* Begin XCConfigurationList section */
		CD32C116216B918300BEE522 /* Build configuration list for PBXProject "CTDatePickerExample" */ = {
			isa = XCConfigurationList;
			buildConfigurations = (
				CD32C12B216B918500BEE522 /* Debug */,
				CD32C12C216B918500BEE522 /* Release */,
			);
			defaultConfigurationIsVisible = 0;
			defaultConfigurationName = Release;
		};
		CD32C12D216B918500BEE522 /* Build configuration list for PBXNativeTarget "CTDatePickerExample" */ = {
			isa = XCConfigurationList;
			buildConfigurations = (
				CD32C12E216B918500BEE522 /* Debug */,
				CD32C12F216B918500BEE522 /* Release */,
			);
			defaultConfigurationIsVisible = 0;
			defaultConfigurationName = Release;
		};
/* End XCConfigurationList section */
	};
	rootObject = CD32C113216B918300BEE522 /* Project object */;
}
